
Microsoft Visual Studio Solution File, Format Version 12.00
# Visual Studio Version 16
VisualStudioVersion = 16.0.30114.105
MinimumVisualStudioVersion = 10.0.40219.1
Project("{9A19103F-16F7-4668-BE54-9A1E7A4F7556}") = "PMI_Task_01", "Zadacha_1\PMI_Task_01\PMI_Task_01.csproj", "{481826C1-A1EC-491A-9DAD-64FE9EE19337}"
EndProject
Project("{9A19103F-16F7-4668-BE54-9A1E7A4F7556}") = "PMI_Task_03", "Zadacha_3\PMI_Task_03\PMI_Task_03.csproj", "{F9BD8CDF-969A-4A42-BE12-FF0DD1294FB0}"
EndProject
Project("{9A19103F-16F7-4668-BE54-9A1E7A4F7556}") = "PMI_Task_02", "Zadacha_2\PMI_Task_02\PMI_Task_02.csproj", "{E63A5659-F1FF-4BE9-9D6F-E25E1B67B5E4}"
EndProject
Project("{FAE04EC0-301F-11D3-BF4B-00C04F79EFBC}") = "PMI_Task_04", "Zadacha_4\PMI_Task_04\PMI_Task_04.csproj", "{59CF833C-DF7D-40AD-90B4-7B6353A4A84E}"
EndProject
Global
	GlobalSection(SolutionConfigurationPlatforms) = preSolution
		Debug|Any CPU = Debug|Any CPU
		Release|Any CPU = Release|Any CPU
	EndGlobalSection
	GlobalSection(ProjectConfigurationPlatforms) = postSolution
		{481826C1-A1EC-491A-9DAD-64FE9EE19337}.Debug|Any CPU.ActiveCfg = Debug|Any CPU
		{481826C1-A1EC-491A-9DAD-64FE9EE19337}.Debug|Any CPU.Build.0 = Debug|Any CPU
		{481826C1-A1EC-491A-9DAD-64FE9EE19337}.Release|Any CPU.ActiveCfg = Release|Any CPU
		{481826C1-A1EC-491A-9DAD-64FE9EE19337}.Release|Any CPU.Build.0 = Release|Any CPU
		{F9BD8CDF-969A-4A42-BE12-FF0DD1294FB0}.Debug|Any CPU.ActiveCfg = Debug|Any CPU
		{F9BD8CDF-969A-4A42-BE12-FF0DD1294FB0}.Debug|Any CPU.Build.0 = Debug|Any CPU
		{F9BD8CDF-969A-4A42-BE12-FF0DD1294FB0}.Release|Any CPU.ActiveCfg = Release|Any CPU
		{F9BD8CDF-969A-4A42-BE12-FF0DD1294FB0}.Release|Any CPU.Build.0 = Release|Any CPU
		{E63A5659-F1FF-4BE9-9D6F-E25E1B67B5E4}.Debug|Any CPU.ActiveCfg = Debug|Any CPU
		{E63A5659-F1FF-4BE9-9D6F-E25E1B67B5E4}.Debug|Any CPU.Build.0 = Debug|Any CPU
		{E63A5659-F1FF-4BE9-9D6F-E25E1B67B5E4}.Release|Any CPU.ActiveCfg = Release|Any CPU
		{E63A5659-F1FF-4BE9-9D6F-E25E1B67B5E4}.Release|Any CPU.Build.0 = Release|Any CPU
		{59CF833C-DF7D-40AD-90B4-7B6353A4A84E}.Debug|Any CPU.ActiveCfg = Debug|Any CPU
		{59CF833C-DF7D-40AD-90B4-7B6353A4A84E}.Debug|Any CPU.Build.0 = Debug|Any CPU
		{59CF833C-DF7D-40AD-90B4-7B6353A4A84E}.Release|Any CPU.ActiveCfg = Release|Any CPU
		{59CF833C-DF7D-40AD-90B4-7B6353A4A84E}.Release|Any CPU.Build.0 = Release|Any CPU
	EndGlobalSection
	GlobalSection(SolutionProperties) = preSolution
		HideSolutionNode = FALSE
	EndGlobalSection
	GlobalSection(ExtensibilityGlobals) = postSolution
		SolutionGuid = {EA0F80B2-6109-41C4-8A06-EF6D2FEF4EC4}
	EndGlobalSection
EndGlobal
